
Microsoft Visual Studio Solution File, Format Version 12.00
# Visual Studio Version 17
VisualStudioVersion = 17.14.36429.23 d17.14
MinimumVisualStudioVersion = 10.0.40219.1
Project("{FAE04EC0-301F-11D3-BF4B-00C04F79EFBC}") = "Выполнение задания 1 (Варинат 2)", "Выполнение задания 1 (Варинат 2)\Выполнение задания 1 (Варинат 2).csproj", "{4743F5AD-2D7D-481F-AF9D-275362877D26}"
EndProject
Project("{FAE04EC0-301F-11D3-BF4B-00C04F79EFBC}") = "Выполнение задания 2 (Вариант 2)", "Выполнение задания 2 (Вариант 2)\Выполнение задания 2 (Вариант 2).csproj", "{D231150E-F005-441A-AD90-3A0B5F2D382D}"
EndProject
Project("{FAE04EC0-301F-11D3-BF4B-00C04F79EFBC}") = "Выполнение задания 3 (Вариант 2)", "Выполнение задания 3 (Вариант 2)\Выполнение задания 3 (Вариант 2).csproj", "{705F0CD8-BE94-465C-B41D-7C1C3154F68B}"
EndProject
Global
	GlobalSection(SolutionConfigurationPlatforms) = preSolution
		Debug|Any CPU = Debug|Any CPU
		Release|Any CPU = Release|Any CPU
	EndGlobalSection
	GlobalSection(ProjectConfigurationPlatforms) = postSolution
		{4743F5AD-2D7D-481F-AF9D-275362877D26}.Debug|Any CPU.ActiveCfg = Debug|Any CPU
		{4743F5AD-2D7D-481F-AF9D-275362877D26}.Debug|Any CPU.Build.0 = Debug|Any CPU
		{4743F5AD-2D7D-481F-AF9D-275362877D26}.Release|Any CPU.ActiveCfg = Release|Any CPU
		{4743F5AD-2D7D-481F-AF9D-275362877D26}.Release|Any CPU.Build.0 = Release|Any CPU
		{D231150E-F005-441A-AD90-3A0B5F2D382D}.Debug|Any CPU.ActiveCfg = Debug|Any CPU
		{D231150E-F005-441A-AD90-3A0B5F2D382D}.Debug|Any CPU.Build.0 = Debug|Any CPU
		{D231150E-F005-441A-AD90-3A0B5F2D382D}.Release|Any CPU.ActiveCfg = Release|Any CPU
		{D231150E-F005-441A-AD90-3A0B5F2D382D}.Release|Any CPU.Build.0 = Release|Any CPU
		{705F0CD8-BE94-465C-B41D-7C1C3154F68B}.Debug|Any CPU.ActiveCfg = Debug|Any CPU
		{705F0CD8-BE94-465C-B41D-7C1C3154F68B}.Debug|Any CPU.Build.0 = Debug|Any CPU
		{705F0CD8-BE94-465C-B41D-7C1C3154F68B}.Release|Any CPU.ActiveCfg = Release|Any CPU
		{705F0CD8-BE94-465C-B41D-7C1C3154F68B}.Release|Any CPU.Build.0 = Release|Any CPU
	EndGlobalSection
	GlobalSection(SolutionProperties) = preSolution
		HideSolutionNode = FALSE
	EndGlobalSection
	GlobalSection(ExtensibilityGlobals) = postSolution
		SolutionGuid = {39939DB9-D5BA-4E2C-B71B-684464207174}
	EndGlobalSection
EndGlobal
